schema: '2.0'
stages:
  ingest:
    cmd: python src/data/ingestion.py
    deps:
    - path: data/raw/Churn_Modelling.csv
      hash: md5
      md5: 496aee8fbfdfa1dfb6daa9dbca5d1a01
      size: 684858
    - path: src/data/ingestion.py
      hash: md5
      md5: 3ef1494cf8c4f7af1496ad12c4ca2154
      size: 735
    params:
      params.yaml:
        data:
          raw_path: data/raw/Churn_Modelling.csv
          ingested_path: data/interim/ingested.csv
          train_path: data/processed/train.pkl
          test_path: data/processed/test.pkl
    outs:
    - path: data/interim/ingested.csv
      hash: md5
      md5: 7daed9d3555cdd5707052e4f42ebd139
      size: 479204
  preprocess:
    cmd: python src/data/preprocessing.py
    deps:
    - path: data/interim/ingested.csv
      hash: md5
      md5: 7daed9d3555cdd5707052e4f42ebd139
      size: 479204
    - path: src/data/preprocessing.py
      hash: md5
      md5: 6d9e174bcd4bb6ebe1a79ce9eb4d1d47
      size: 1835
    params:
      params.yaml:
        preprocess:
          test_size: 0.2
          random_seed: 42
    outs:
    - path: data/processed/test.pkl
      hash: md5
      md5: d6c506f9fff6f872351393822d9da4f9
      size: 192233
    - path: data/processed/train.pkl
      hash: md5
      md5: 6d6a7c4e5a95679e5d737403dfea8fac
      size: 768233
  train:
    cmd: python src/model/train.py
    deps:
    - path: data/processed/test.pkl
      hash: md5
      md5: d6c506f9fff6f872351393822d9da4f9
      size: 192233
    - path: data/processed/train.pkl
      hash: md5
      md5: 6d6a7c4e5a95679e5d737403dfea8fac
      size: 768233
    - path: src/model/train.py
      hash: md5
      md5: 73a8a8cc47854ea16e8a1a0f9e3b9781
      size: 5123
    params:
      params.yaml:
        model:
          learning_rate_min: 1e-05
          learning_rate_max: 0.01
          units_min: 32
          units_max: 128
          dropout_min: 0.1
          dropout_max: 0.5
          batch_size:
          - 16
          - 32
          - 64
          epochs: 20
        training:
          n_trials: 20
          random_seed: 42
    outs:
    - path: artifacts/train_output.json
      hash: md5
      md5: 541034e44d6d759eafdaca2d8cc5a027
      size: 87
  evaluate:
    cmd: python src/model/evaluate.py
    deps:
    - path: artifacts/train_output.json
      hash: md5
      md5: 541034e44d6d759eafdaca2d8cc5a027
      size: 87
    - path: src/model/evaluate.py
      hash: md5
      md5: bd0b6465b95af4c3bf5b3ab7e2bc47d3
      size: 1718
    params:
      params.yaml:
        evaluation:
          threshold_auc: 0.8
    outs:
    - path: artifacts/eval_output.json
      hash: md5
      md5: d4bf50814ba8a5d40865c2c971cc59f2
      size: 129
  register:
    cmd: python src/model/register.py
    deps:
    - path: artifacts/eval_output.json
      hash: md5
      md5: d4bf50814ba8a5d40865c2c971cc59f2
      size: 129
    - path: src/model/register.py
      hash: md5
      md5: 24311d808af64d9c0da6ec88d73b27fd
      size: 2123
    params:
      params.yaml:
        registry:
          model_name: customer-churn-model
          alias: champion
  export_model:
    cmd: python src/model/export_model.py
    deps:
    - path: src/model/export_model.py
      hash: md5
      md5: 1c4e5ae3e778d88cc2910cb5d6061cd2
      size: 1640
    outs:
    - path: model/churn_model.keras
      hash: md5
      md5: cb3178d946f52deb6c19bf78e18f179c
      size: 37149
    - path: model/metadata.json
      hash: md5
      md5: 4026c7e87e502b8fb9ceae3760ccb4d4
      size: 203
